
Microsoft Visual Studio Solution File, Format Version 12.00
# Visual Studio 15
VisualStudioVersion = 15.0.28010.2019
MinimumVisualStudioVersion = 10.0.40219.1
Project("{2150E333-8FDC-42A3-9474-1A3956D46DE8}") = "src", "src", "{9D1A2C4E-2CB7-4371-9BD6-C411789C7698}"
EndProject
Project("{2150E333-8FDC-42A3-9474-1A3956D46DE8}") = "test", "test", "{E03A27AE-6E43-4296-941F-37F5BCE8A6CF}"
EndProject
Project("{9A19103F-16F7-4668-BE54-9A1E7A4F7556}") = "ReviewDB.Infra", "src\ReviewDB.Infra\ReviewDB.Infra.csproj", "{3A8B171D-A5B8-4A36-B663-CA1919C5D8CE}"
EndProject
Project("{9A19103F-16F7-4668-BE54-9A1E7A4F7556}") = "ReviewDB.Domain", "src\ReviewDB.Domain\ReviewDB.Domain.csproj", "{294C7B4D-0EEF-4DB6-9740-C5439F493C82}"
EndProject
Project("{9A19103F-16F7-4668-BE54-9A1E7A4F7556}") = "ReviewDB.Application", "src\ReviewDB.Application\ReviewDB.Application.csproj", "{70B53563-A5EB-4C6D-9A89-28EA45FEB912}"
EndProject
Project("{9A19103F-16F7-4668-BE54-9A1E7A4F7556}") = "ReviewDB.Api", "src\ReviewDB.Api\ReviewDB.Api.csproj", "{D618A0EA-AB63-41B5-84D4-A68B12E948F6}"
EndProject
Project("{9A19103F-16F7-4668-BE54-9A1E7A4F7556}") = "ReviewDB.Unit", "test\ReviewDB.Unit\ReviewDB.Unit.csproj", "{3FDF50C2-A803-4B2A-85B4-B715604C1FFD}"
EndProject
Project("{9A19103F-16F7-4668-BE54-9A1E7A4F7556}") = "ReviewDB.Integration", "test\ReviewDB.Integration\ReviewDB.Integration.csproj", "{FE8A44AC-EA88-4582-9512-2F58BA42FFF9}"
EndProject
Project("{9A19103F-16F7-4668-BE54-9A1E7A4F7556}") = "ReviewDB.Functional", "test\ReviewDB.Functional\ReviewDB.Functional.csproj", "{9A379AEF-8FBC-4F2E-89F4-387D2D1F9A87}"
EndProject
Project("{2150E333-8FDC-42A3-9474-1A3956D46DE8}") = "1 - Presentation", "1 - Presentation", "{FD98071D-BD16-46DD-A76D-E1FC445DD474}"
EndProject
Project("{2150E333-8FDC-42A3-9474-1A3956D46DE8}") = "2 - Services", "2 - Services", "{59A9D612-FF4F-4840-9ADC-E2CB80E19741}"
EndProject
Project("{2150E333-8FDC-42A3-9474-1A3956D46DE8}") = "3 - Application", "3 - Application", "{7BC6DF93-E1D0-485E-8454-8E5A74FCD22A}"
EndProject
Project("{2150E333-8FDC-42A3-9474-1A3956D46DE8}") = "4 - Domain", "4 - Domain", "{B15E88DB-7270-442B-A1E6-AFD5A6D5FDD5}"
EndProject
Project("{2150E333-8FDC-42A3-9474-1A3956D46DE8}") = "5 - Infra", "5 - Infra", "{EF565D27-43DE-42D6-B405-39569F2CDD2A}"
EndProject
Project("{9A19103F-16F7-4668-BE54-9A1E7A4F7556}") = "ReviewDB.Domain.Core", "src\ReviewDB.Domain.Core\ReviewDB.Domain.Core.csproj", "{6FD7DAB0-C79A-44B5-9A8E-B77F7B0278C8}"
EndProject
Project("{2150E333-8FDC-42A3-9474-1A3956D46DE8}") = "5.2 - CrossCutting", "5.2 - CrossCutting", "{F8A1B4FB-6D85-4AC0-AD4C-BB25090D8FCA}"
EndProject
Project("{2150E333-8FDC-42A3-9474-1A3956D46DE8}") = "5.1 - Data", "5.1 - Data", "{9D23F4A8-E52B-44A8-8BAA-A6E1010E908C}"
EndProject
Project("{9A19103F-16F7-4668-BE54-9A1E7A4F7556}") = "ReviewDB.CrossCutting.Bus", "src\ReviewDB.CrossCutting.Bus\ReviewDB.CrossCutting.Bus.csproj", "{5C9065B8-C6D4-447C-9C17-496BA099BB1A}"
EndProject
Project("{9A19103F-16F7-4668-BE54-9A1E7A4F7556}") = "ReviewDB.Infra.CrossCutting.IoC", "src\ReviewDB.Infra.CrossCutting.IoC\ReviewDB.Infra.CrossCutting.IoC.csproj", "{E6D9F5F9-2239-43AA-A9F3-551ECC1E8C1F}"
EndProject
Project("{2150E333-8FDC-42A3-9474-1A3956D46DE8}") = "Solution Items", "Solution Items", "{277E4938-3427-490E-B15A-4DFC86C74CA0}"
	ProjectSection(SolutionItems) = preProject
		.editorconfig = .editorconfig
	EndProjectSection
EndProject
Global
	GlobalSection(SolutionConfigurationPlatforms) = preSolution
		Debug|Any CPU = Debug|Any CPU
		Release|Any CPU = Release|Any CPU
	EndGlobalSection
	GlobalSection(ProjectConfigurationPlatforms) = postSolution
		{3A8B171D-A5B8-4A36-B663-CA1919C5D8CE}.Debug|Any CPU.ActiveCfg = Debug|Any CPU
		{3A8B171D-A5B8-4A36-B663-CA1919C5D8CE}.Debug|Any CPU.Build.0 = Debug|Any CPU
		{3A8B171D-A5B8-4A36-B663-CA1919C5D8CE}.Release|Any CPU.ActiveCfg = Release|Any CPU
		{3A8B171D-A5B8-4A36-B663-CA1919C5D8CE}.Release|Any CPU.Build.0 = Release|Any CPU
		{294C7B4D-0EEF-4DB6-9740-C5439F493C82}.Debug|Any CPU.ActiveCfg = Debug|Any CPU
		{294C7B4D-0EEF-4DB6-9740-C5439F493C82}.Debug|Any CPU.Build.0 = Debug|Any CPU
		{294C7B4D-0EEF-4DB6-9740-C5439F493C82}.Release|Any CPU.ActiveCfg = Release|Any CPU
		{294C7B4D-0EEF-4DB6-9740-C5439F493C82}.Release|Any CPU.Build.0 = Release|Any CPU
		{70B53563-A5EB-4C6D-9A89-28EA45FEB912}.Debug|Any CPU.ActiveCfg = Debug|Any CPU
		{70B53563-A5EB-4C6D-9A89-28EA45FEB912}.Debug|Any CPU.Build.0 = Debug|Any CPU
		{70B53563-A5EB-4C6D-9A89-28EA45FEB912}.Release|Any CPU.ActiveCfg = Release|Any CPU
		{70B53563-A5EB-4C6D-9A89-28EA45FEB912}.Release|Any CPU.Build.0 = Release|Any CPU
		{D618A0EA-AB63-41B5-84D4-A68B12E948F6}.Debug|Any CPU.ActiveCfg = Debug|Any CPU
		{D618A0EA-AB63-41B5-84D4-A68B12E948F6}.Debug|Any CPU.Build.0 = Debug|Any CPU
		{D618A0EA-AB63-41B5-84D4-A68B12E948F6}.Release|Any CPU.ActiveCfg = Release|Any CPU
		{D618A0EA-AB63-41B5-84D4-A68B12E948F6}.Release|Any CPU.Build.0 = Release|Any CPU
		{3FDF50C2-A803-4B2A-85B4-B715604C1FFD}.Debug|Any CPU.ActiveCfg = Debug|Any CPU
		{3FDF50C2-A803-4B2A-85B4-B715604C1FFD}.Debug|Any CPU.Build.0 = Debug|Any CPU
		{3FDF50C2-A803-4B2A-85B4-B715604C1FFD}.Release|Any CPU.ActiveCfg = Release|Any CPU
		{3FDF50C2-A803-4B2A-85B4-B715604C1FFD}.Release|Any CPU.Build.0 = Release|Any CPU
		{FE8A44AC-EA88-4582-9512-2F58BA42FFF9}.Debug|Any CPU.ActiveCfg = Debug|Any CPU
		{FE8A44AC-EA88-4582-9512-2F58BA42FFF9}.Debug|Any CPU.Build.0 = Debug|Any CPU
		{FE8A44AC-EA88-4582-9512-2F58BA42FFF9}.Release|Any CPU.ActiveCfg = Release|Any CPU
		{FE8A44AC-EA88-4582-9512-2F58BA42FFF9}.Release|Any CPU.Build.0 = Release|Any CPU
		{9A379AEF-8FBC-4F2E-89F4-387D2D1F9A87}.Debug|Any CPU.ActiveCfg = Debug|Any CPU
		{9A379AEF-8FBC-4F2E-89F4-387D2D1F9A87}.Debug|Any CPU.Build.0 = Debug|Any CPU
		{9A379AEF-8FBC-4F2E-89F4-387D2D1F9A87}.Release|Any CPU.ActiveCfg = Release|Any CPU
		{9A379AEF-8FBC-4F2E-89F4-387D2D1F9A87}.Release|Any CPU.Build.0 = Release|Any CPU
		{6FD7DAB0-C79A-44B5-9A8E-B77F7B0278C8}.Debug|Any CPU.ActiveCfg = Debug|Any CPU
		{6FD7DAB0-C79A-44B5-9A8E-B77F7B0278C8}.Debug|Any CPU.Build.0 = Debug|Any CPU
		{6FD7DAB0-C79A-44B5-9A8E-B77F7B0278C8}.Release|Any CPU.ActiveCfg = Release|Any CPU
		{6FD7DAB0-C79A-44B5-9A8E-B77F7B0278C8}.Release|Any CPU.Build.0 = Release|Any CPU
		{5C9065B8-C6D4-447C-9C17-496BA099BB1A}.Debug|Any CPU.ActiveCfg = Debug|Any CPU
		{5C9065B8-C6D4-447C-9C17-496BA099BB1A}.Debug|Any CPU.Build.0 = Debug|Any CPU
		{5C9065B8-C6D4-447C-9C17-496BA099BB1A}.Release|Any CPU.ActiveCfg = Release|Any CPU
		{5C9065B8-C6D4-447C-9C17-496BA099BB1A}.Release|Any CPU.Build.0 = Release|Any CPU
		{E6D9F5F9-2239-43AA-A9F3-551ECC1E8C1F}.Debug|Any CPU.ActiveCfg = Debug|Any CPU
		{E6D9F5F9-2239-43AA-A9F3-551ECC1E8C1F}.Debug|Any CPU.Build.0 = Debug|Any CPU
		{E6D9F5F9-2239-43AA-A9F3-551ECC1E8C1F}.Release|Any CPU.ActiveCfg = Release|Any CPU
		{E6D9F5F9-2239-43AA-A9F3-551ECC1E8C1F}.Release|Any CPU.Build.0 = Release|Any CPU
	EndGlobalSection
	GlobalSection(SolutionProperties) = preSolution
		HideSolutionNode = FALSE
	EndGlobalSection
	GlobalSection(NestedProjects) = preSolution
		{3A8B171D-A5B8-4A36-B663-CA1919C5D8CE} = {9D23F4A8-E52B-44A8-8BAA-A6E1010E908C}
		{294C7B4D-0EEF-4DB6-9740-C5439F493C82} = {B15E88DB-7270-442B-A1E6-AFD5A6D5FDD5}
		{70B53563-A5EB-4C6D-9A89-28EA45FEB912} = {7BC6DF93-E1D0-485E-8454-8E5A74FCD22A}
		{D618A0EA-AB63-41B5-84D4-A68B12E948F6} = {59A9D612-FF4F-4840-9ADC-E2CB80E19741}
		{3FDF50C2-A803-4B2A-85B4-B715604C1FFD} = {E03A27AE-6E43-4296-941F-37F5BCE8A6CF}
		{FE8A44AC-EA88-4582-9512-2F58BA42FFF9} = {E03A27AE-6E43-4296-941F-37F5BCE8A6CF}
		{9A379AEF-8FBC-4F2E-89F4-387D2D1F9A87} = {E03A27AE-6E43-4296-941F-37F5BCE8A6CF}
		{FD98071D-BD16-46DD-A76D-E1FC445DD474} = {9D1A2C4E-2CB7-4371-9BD6-C411789C7698}
		{59A9D612-FF4F-4840-9ADC-E2CB80E19741} = {9D1A2C4E-2CB7-4371-9BD6-C411789C7698}
		{7BC6DF93-E1D0-485E-8454-8E5A74FCD22A} = {9D1A2C4E-2CB7-4371-9BD6-C411789C7698}
		{B15E88DB-7270-442B-A1E6-AFD5A6D5FDD5} = {9D1A2C4E-2CB7-4371-9BD6-C411789C7698}
		{EF565D27-43DE-42D6-B405-39569F2CDD2A} = {9D1A2C4E-2CB7-4371-9BD6-C411789C7698}
		{6FD7DAB0-C79A-44B5-9A8E-B77F7B0278C8} = {B15E88DB-7270-442B-A1E6-AFD5A6D5FDD5}
		{F8A1B4FB-6D85-4AC0-AD4C-BB25090D8FCA} = {EF565D27-43DE-42D6-B405-39569F2CDD2A}
		{9D23F4A8-E52B-44A8-8BAA-A6E1010E908C} = {EF565D27-43DE-42D6-B405-39569F2CDD2A}
		{5C9065B8-C6D4-447C-9C17-496BA099BB1A} = {F8A1B4FB-6D85-4AC0-AD4C-BB25090D8FCA}
		{E6D9F5F9-2239-43AA-A9F3-551ECC1E8C1F} = {F8A1B4FB-6D85-4AC0-AD4C-BB25090D8FCA}
	EndGlobalSection
	GlobalSection(ExtensibilityGlobals) = postSolution
		SolutionGuid = {AB7C50F1-EED8-475F-92E5-811113E61D3B}
	EndGlobalSection
EndGlobal
